# THIS IS AN AUTOGENERATED FILE. DO NOT EDIT THIS FILE DIRECTLY.
# yarn lockfile v1


"@babel/runtime@^7.12.0", "@babel/runtime@^7.12.1", "@babel/runtime@^7.3.1", "@babel/runtime@^7.5.5", "@babel/runtime@^7.7.2", "@babel/runtime@^7.8.3", "@babel/runtime@^7.8.7":
  version "7.13.10"
  resolved "https://registry.yarnpkg.com/@babel/runtime/-/runtime-7.13.10.tgz#47d42a57b6095f4468da440388fdbad8bebf0d7d"
  integrity sha512-4QPkjJq6Ns3V/RgpEahRk+AGfL0eO6RHHtTWoNNr5mO49G6B5+X6d6THgWEAvTrznU5xYpbAlVKRYcsCgh/Akw==
  dependencies:
    regenerator-runtime "^0.13.4"

"@emotion/cache@^11.0.0", "@emotion/cache@^11.1.3":
  version "11.1.3"
  resolved "https://registry.yarnpkg.com/@emotion/cache/-/cache-11.1.3.tgz#c7683a9484bcd38d5562f2b9947873cf66829afd"
  integrity sha512-n4OWinUPJVaP6fXxWZD9OUeQ0lY7DvtmtSuqtRWT0Ofo/sBLCVSgb4/Oa0Q5eFxcwablRKjUXqXtNZVyEwCAuA==
  dependencies:
    "@emotion/memoize" "^0.7.4"
    "@emotion/sheet" "^1.0.0"
    "@emotion/utils" "^1.0.0"
    "@emotion/weak-memoize" "^0.2.5"
    stylis "^4.0.3"

"@emotion/hash@^0.8.0":
  version "0.8.0"
  resolved "https://registry.yarnpkg.com/@emotion/hash/-/hash-0.8.0.tgz#bbbff68978fefdbe68ccb533bc8cbe1d1afb5413"
  integrity sha512-kBJtf7PH6aWwZ6fka3zQ0p6SBYzx4fl1LoZXE2RrnYST9Xljm7WfKJrU4g/Xr3Beg72MLrp1AWNUmuYJTL7Cow==

"@emotion/is-prop-valid@^0.7.3":
  version "0.7.3"
  resolved "https://registry.yarnpkg.com/@emotion/is-prop-valid/-/is-prop-valid-0.7.3.tgz#a6bf4fa5387cbba59d44e698a4680f481a8da6cc"
  integrity sha512-uxJqm/sqwXw3YPA5GXX365OBcJGFtxUVkB6WyezqFHlNe9jqUWH5ur2O2M8dGBz61kn1g3ZBlzUunFQXQIClhA==
  dependencies:
    "@emotion/memoize" "0.7.1"

"@emotion/memoize@0.7.1":
  version "0.7.1"
  resolved "https://registry.yarnpkg.com/@emotion/memoize/-/memoize-0.7.1.tgz#e93c13942592cf5ef01aa8297444dc192beee52f"
  integrity sha512-Qv4LTqO11jepd5Qmlp3M1YEjBumoTHcHFdgPTQ+sFlIL5myi/7xu/POwP7IRu6odBdmLXdtIs1D6TuW6kbwbbg==

"@emotion/memoize@^0.7.4":
  version "0.7.5"
  resolved "https://registry.yarnpkg.com/@emotion/memoize/-/memoize-0.7.5.tgz#2c40f81449a4e554e9fc6396910ed4843ec2be50"
  integrity sha512-igX9a37DR2ZPGYtV6suZ6whr8pTFtyHL3K/oLUotxpSVO2ASaprmAe2Dkq7tBo7CRY7MMDrAa9nuQP9/YG8FxQ==

"@emotion/react@^11.1.1":
  version "11.1.5"
  resolved "https://registry.yarnpkg.com/@emotion/react/-/react-11.1.5.tgz#15e78f9822894cdc296e6f4e0688bac8120dfe66"
  integrity sha512-xfnZ9NJEv9SU9K2sxXM06lzjK245xSeHRpUh67eARBm3PBHjjKIZlfWZ7UQvD0Obvw6ZKjlC79uHrlzFYpOB/Q==
  dependencies:
    "@babel/runtime" "^7.7.2"
    "@emotion/cache" "^11.1.3"
    "@emotion/serialize" "^1.0.0"
    "@emotion/sheet" "^1.0.1"
    "@emotion/utils" "^1.0.0"
    "@emotion/weak-memoize" "^0.2.5"
    hoist-non-react-statics "^3.3.1"

"@emotion/serialize@^1.0.0":
  version "1.0.1"
  resolved "https://registry.yarnpkg.com/@emotion/serialize/-/serialize-1.0.1.tgz#322cdebfdbb5a88946f17006548191859b9b0855"
  integrity sha512-TXlKs5sgUKhFlszp/rg4lIAZd7UUSmJpwaf9/lAEFcUh2vPi32i7x4wk7O8TN8L8v2Ol8k0CxnhRBY0zQalTxA==
  dependencies:
    "@emotion/hash" "^0.8.0"
    "@emotion/memoize" "^0.7.4"
    "@emotion/unitless" "^0.7.5"
    "@emotion/utils" "^1.0.0"
    csstype "^3.0.2"

"@emotion/sheet@^1.0.0", "@emotion/sheet@^1.0.1":
  version "1.0.1"
  resolved "https://registry.yarnpkg.com/@emotion/sheet/-/sheet-1.0.1.tgz#245f54abb02dfd82326e28689f34c27aa9b2a698"
  integrity sha512-GbIvVMe4U+Zc+929N1V7nW6YYJtidj31lidSmdYcWozwoBIObXBnaJkKNDjZrLm9Nc0BR+ZyHNaRZxqNZbof5g==

"@emotion/unitless@^0.7.5":
  version "0.7.5"
  resolved "https://registry.yarnpkg.com/@emotion/unitless/-/unitless-0.7.5.tgz#77211291c1900a700b8a78cfafda3160d76949ed"
  integrity sha512-OWORNpfjMsSSUBVrRBVGECkhWcULOAJz9ZW8uK9qgxD+87M7jHRcvh/A96XXNhXTLmKcoYSQtBEX7lHMO7YRwg==

"@emotion/utils@^1.0.0":
  version "1.0.0"
  resolved "https://registry.yarnpkg.com/@emotion/utils/-/utils-1.0.0.tgz#abe06a83160b10570816c913990245813a2fd6af"
  integrity sha512-mQC2b3XLDs6QCW+pDQDiyO/EdGZYOygE8s5N5rrzjSI4M3IejPE/JPndCBwRT9z982aqQNi6beWs1UeayrQxxA==

"@emotion/weak-memoize@^0.2.5":
  version "0.2.5"
  resolved "https://registry.yarnpkg.com/@emotion/weak-memoize/-/weak-memoize-0.2.5.tgz#8eed982e2ee6f7f4e44c253e12962980791efd46"
  integrity sha512-6U71C2Wp7r5XtFtQzYrW5iKFT67OixrSxjI4MptCHzdSVlgabczzqLe0ZSgnub/5Kp4hSbpDB1tMytZY9pwxxA==

"@types/prop-types@*":
  version "15.7.3"
  resolved "https://registry.yarnpkg.com/@types/prop-types/-/prop-types-15.7.3.tgz#2ab0d5da2e5815f94b0b9d4b95d1e5f243ab2ca7"
  integrity sha512-KfRL3PuHmqQLOG+2tGpRO26Ctg+Cq1E01D2DMriKEATHgWLfeNDmq9e29Q9WIky0dQ3NPkd1mzYH8Lm936Z9qw==

"@types/react-clock@^3.0.0":
  version "3.0.0"
  resolved "https://registry.yarnpkg.com/@types/react-clock/-/react-clock-3.0.0.tgz#43226ae01da98788f7a30a435b7522aba76eaade"
  integrity sha512-I6zNSVOmzwcofYgBEtjLZq7T8RFD1QGJg3YPeqDrDUPxmuVTwOzBXU5DaeUN1SgNjQ7uUMeyUqTH/2lnxIkS2Q==

"@types/react-dom@17.0.2":
  version "17.0.2"
  resolved "https://registry.yarnpkg.com/@types/react-dom/-/react-dom-17.0.2.tgz#35654cf6c49ae162d5bc90843d5437dc38008d43"
  integrity sha512-Icd9KEgdnFfJs39KyRyr0jQ7EKhq8U6CcHRMGAS45fp5qgUvxL3ujUCfWFttUK2UErqZNj97t9gsVPNAqcwoCg==
  dependencies:
    "@types/react" "*"

"@types/react@*", "@types/react@17.0.3":
  version "17.0.3"
  resolved "https://registry.yarnpkg.com/@types/react/-/react-17.0.3.tgz#ba6e215368501ac3826951eef2904574c262cc79"
  integrity sha512-wYOUxIgs2HZZ0ACNiIayItyluADNbONl7kt8lkLjVK8IitMH5QMyAh75Fwhmo37r1m7L2JaFj03sIfxBVDvRAg==
  dependencies:
    "@types/prop-types" "*"
    "@types/scheduler" "*"
    csstype "^3.0.2"

"@types/scheduler@*":
  version "0.16.1"
  resolved "https://registry.yarnpkg.com/@types/scheduler/-/scheduler-0.16.1.tgz#18845205e86ff0038517aab7a18a62a6b9f71275"
  integrity sha512-EaCxbanVeyxDRTQBkdLb3Bvl/HK7PBK6UJjsSixB0iHKoWxE5uu2Q/DgtpOhPIojN0Zl1whvOd7PoHs2P0s5eA==

"@types/three@0.126.0":
  version "0.126.0"
  resolved "https://registry.yarnpkg.com/@types/three/-/three-0.126.0.tgz#58f80e13ab5f8084741e8a9d7e804b9a31039043"
  integrity sha512-C7cFOWQpcGQAJ0PJSdU6ncZFn51fWKaV8o1Dz2fvikFRGWY8cI5/M/q5JHX7/TzCfMRadLP690Ksh8QvanSW8Q==

"@wojtekmaj/date-utils@^1.0.0":
  version "1.0.3"
  resolved "https://registry.yarnpkg.com/@wojtekmaj/date-utils/-/date-utils-1.0.3.tgz#2dcfd92881425c5923e429c2aec86fb3609032a1"
  integrity sha512-1VPkkTBk07gMR1fjpBtse4G+oJqpmE+0gUFB0dg3VIL7qJmUVaBoD/vlzMm/jNeOPfvlmerl1lpnsZyBUFIRuw==

async@^2.6.2:
  version "2.6.3"
  resolved "https://registry.yarnpkg.com/async/-/async-2.6.3.tgz#d72625e2344a3656e3a3ad4fa749fa83299d82ff"
  integrity sha512-zflvls11DCy+dQWzTW2dzuilv8Z5X/pjfmZOWba6TNIVDm+2UDaJmXSOXlasHKfNBs8oo3M0aT50fDEWfKZjXg==
  dependencies:
    lodash "^4.17.14"

basic-auth@^1.0.3:
  version "1.1.0"
  resolved "https://registry.yarnpkg.com/basic-auth/-/basic-auth-1.1.0.tgz#45221ee429f7ee1e5035be3f51533f1cdfd29884"
  integrity sha1-RSIe5Cn37h5QNb4/UVM/HN/SmIQ=

chart.xkcd-react@^0.0.6:
  version "0.0.6"
  resolved "https://registry.yarnpkg.com/chart.xkcd-react/-/chart.xkcd-react-0.0.6.tgz#1d756928cfae89e0579a96ab27046325557c174f"
  integrity sha512-TLc1wltjeCq+Fb9YWeKRi3A/s7mcnpyeDDXnAIOmudwMwfW4J6NlkGlvmjkbU4/10/wQ63t2LdqO7+wgHtYxcQ==
  dependencies:
    chart.xkcd "^1.1.3"

chart.xkcd@^1.1.13, chart.xkcd@^1.1.3:
  version "1.1.13"
  resolved "https://registry.yarnpkg.com/chart.xkcd/-/chart.xkcd-1.1.13.tgz#873a5cc20c2c8add79151ed3e90802c2bae69c96"
  integrity sha512-++JC2J1D13MdB4XZHYfa/gekbJ9DtYMwSFohbtTsryrf1C3ylMy3jcNKgSSo6CA38lS3HDR1Xol+BGWtwZFJTg==
  dependencies:
    d3-axis "^1.0.12"
    d3-scale "^3.2.0"
    d3-selection "^1.4.1"
    d3-shape "^1.3.7"
    dayjs "^1.8.17"

colors@^1.4.0:
  version "1.4.0"
  resolved "https://registry.yarnpkg.com/colors/-/colors-1.4.0.tgz#c50491479d4c1bdaed2c9ced32cf7c7dc2360f78"
  integrity sha512-a+UqTh4kgZg/SlGvfbzDHpgRu7AAQOmmqRHJnxhRZICKFUT91brVhNNt58CMWU9PsBbv3PDCZUHbVxuDiH2mtA==

corser@^2.0.1:
  version "2.0.1"
  resolved "https://registry.yarnpkg.com/corser/-/corser-2.0.1.tgz#8eda252ecaab5840dcd975ceb90d9370c819ff87"
  integrity sha1-jtolLsqrWEDc2XXOuQ2TcMgZ/4c=

css-jss@10.6.0:
  version "10.6.0"
  resolved "https://registry.yarnpkg.com/css-jss/-/css-jss-10.6.0.tgz#db5de90a4b53ca05d7e1c6bcec0c1ba8f1c1bcea"
  integrity sha512-4SE0tWggVM6Y4UTcKMoZXFBuhzycY6fKEdONr7wn89SIFd4eXiUZ0f5f4tLwXyFOW2q13JReXp8n9vSLKp48/g==
  dependencies:
    "@babel/runtime" "^7.3.1"
    jss "10.6.0"
    jss-preset-default "10.6.0"

css-vendor@^2.0.8:
  version "2.0.8"
  resolved "https://registry.yarnpkg.com/css-vendor/-/css-vendor-2.0.8.tgz#e47f91d3bd3117d49180a3c935e62e3d9f7f449d"
  integrity sha512-x9Aq0XTInxrkuFeHKbYC7zWY8ai7qJ04Kxd9MnvbC1uO5DagxoHQjm4JvG+vCdXOoFtCjbL2XSZfxmoYa9uQVQ==
  dependencies:
    "@babel/runtime" "^7.8.3"
    is-in-browser "^1.0.2"

csstype@^3.0.2:
  version "3.0.7"
  resolved "https://registry.yarnpkg.com/csstype/-/csstype-3.0.7.tgz#2a5fb75e1015e84dd15692f71e89a1450290950b"
  integrity sha512-KxnUB0ZMlnUWCsx2Z8MUsr6qV6ja1w9ArPErJaJaF8a5SOWoHLIszeCTKGRGRgtLgYrs1E8CHkNSP1VZTTPc9g==

d3-array@^2.3.0:
  version "2.12.0"
  resolved "https://registry.yarnpkg.com/d3-array/-/d3-array-2.12.0.tgz#68a74d153e52d6bf4608d9f6388cca48b42a4c3f"
  integrity sha512-T6H/qNldyD/1OlRkJbonb3u3MPhNwju8OPxYv0YSjDb/B2RUeeBEHzIpNrYiinwpmz8+am+puMrpcrDWgY9wRg==
  dependencies:
    internmap "^1.0.0"

d3-axis@^1.0.12:
  version "1.0.12"
  resolved "https://registry.yarnpkg.com/d3-axis/-/d3-axis-1.0.12.tgz#cdf20ba210cfbb43795af33756886fb3638daac9"
  integrity sha512-ejINPfPSNdGFKEOAtnBtdkpr24c4d4jsei6Lg98mxf424ivoDP2956/5HDpIAtmHo85lqT4pruy+zEgvRUBqaQ==

"d3-color@1 - 2":
  version "2.0.0"
  resolved "https://registry.yarnpkg.com/d3-color/-/d3-color-2.0.0.tgz#8d625cab42ed9b8f601a1760a389f7ea9189d62e"
  integrity sha512-SPXi0TSKPD4g9tw0NMZFnR95XVgUZiBH+uUTqQuDu1OsE2zomHU7ho0FISciaPvosimixwHFl3WHLGabv6dDgQ==

"d3-format@1 - 2":
  version "2.0.0"
  resolved "https://registry.yarnpkg.com/d3-format/-/d3-format-2.0.0.tgz#a10bcc0f986c372b729ba447382413aabf5b0767"
  integrity sha512-Ab3S6XuE/Q+flY96HXT0jOXcM4EAClYFnRGY5zsjRGNy6qCYrQsMffs7cV5Q9xejb35zxW5hf/guKw34kvIKsA==

"d3-interpolate@1.2.0 - 2":
  version "2.0.1"
  resolved "https://registry.yarnpkg.com/d3-interpolate/-/d3-interpolate-2.0.1.tgz#98be499cfb8a3b94d4ff616900501a64abc91163"
  integrity sha512-c5UhwwTs/yybcmTpAVqwSFl6vrQ8JZJoT5F7xNFK9pymv5C0Ymcc9/LIJHtYIggg/yS9YHw8i8O8tgb9pupjeQ==
  dependencies:
    d3-color "1 - 2"

d3-path@1:
  version "1.0.9"
  resolved "https://registry.yarnpkg.com/d3-path/-/d3-path-1.0.9.tgz#48c050bb1fe8c262493a8caf5524e3e9591701cf"
  integrity sha512-VLaYcn81dtHVTjEHd8B+pbe9yHWpXKZUC87PzoFmsFrJqgFwDe/qxfp5MlfsfM1V5E/iVt0MmEbWQ7FVIXh/bg==

d3-scale@^3.2.0:
  version "3.2.3"
  resolved "https://registry.yarnpkg.com/d3-scale/-/d3-scale-3.2.3.tgz#be380f57f1f61d4ff2e6cbb65a40593a51649cfd"
  integrity sha512-8E37oWEmEzj57bHcnjPVOBS3n4jqakOeuv1EDdQSiSrYnMCBdMd3nc4HtKk7uia8DUHcY/CGuJ42xxgtEYrX0g==
  dependencies:
    d3-array "^2.3.0"
    d3-format "1 - 2"
    d3-interpolate "1.2.0 - 2"
    d3-time "1 - 2"
    d3-time-format "2 - 3"

d3-selection@^1.4.1:
  version "1.4.2"
  resolved "https://registry.yarnpkg.com/d3-selection/-/d3-selection-1.4.2.tgz#dcaa49522c0dbf32d6c1858afc26b6094555bc5c"
  integrity sha512-SJ0BqYihzOjDnnlfyeHT0e30k0K1+5sR3d5fNueCNeuhZTnGw4M4o8mqJchSwgKMXCNFo+e2VTChiSJ0vYtXkg==

d3-shape@^1.3.7:
  version "1.3.7"
  resolved "https://registry.yarnpkg.com/d3-shape/-/d3-shape-1.3.7.tgz#df63801be07bc986bc54f63789b4fe502992b5d7"
  integrity sha512-EUkvKjqPFUAZyOlhY5gzCxCeI0Aep04LwIRpsZ/mLFelJiUfnK56jo5JMDSE7yyP2kLSb6LtF+S5chMk7uqPqw==
  dependencies:
    d3-path "1"

"d3-time-format@2 - 3":
  version "3.0.0"
  resolved "https://registry.yarnpkg.com/d3-time-format/-/d3-time-format-3.0.0.tgz#df8056c83659e01f20ac5da5fdeae7c08d5f1bb6"
  integrity sha512-UXJh6EKsHBTjopVqZBhFysQcoXSv/5yLONZvkQ5Kk3qbwiUYkdX17Xa1PT6U1ZWXGGfB1ey5L8dKMlFq2DO0Ag==
  dependencies:
    d3-time "1 - 2"

"d3-time@1 - 2":
  version "2.0.0"
  resolved "https://registry.yarnpkg.com/d3-time/-/d3-time-2.0.0.tgz#ad7c127d17c67bd57a4c61f3eaecb81108b1e0ab"
  integrity sha512-2mvhstTFcMvwStWd9Tj3e6CEqtOivtD8AUiHT8ido/xmzrI9ijrUUihZ6nHuf/vsScRBonagOdj0Vv+SEL5G3Q==

dayjs@^1.8.17:
  version "1.10.4"
  resolved "https://registry.yarnpkg.com/dayjs/-/dayjs-1.10.4.tgz#8e544a9b8683f61783f570980a8a80eaf54ab1e2"
  integrity sha512-RI/Hh4kqRc1UKLOAf/T5zdMMX5DQIlDxwUe3wSyMMnEbGunnpENCdbUgM+dW7kXidZqCttBrmw7BhN4TMddkCw==

debounce@^1.2.0:
  version "1.2.1"
  resolved "https://registry.yarnpkg.com/debounce/-/debounce-1.2.1.tgz#38881d8f4166a5c5848020c11827b834bcb3e0a5"
  integrity sha512-XRRe6Glud4rd/ZGQfiV1ruXSfbvfJedlV9Y6zOlP+2K04vBYiJEte6stfFkCP03aMnY5tsipamumUjL14fofug==

debug@^3.1.1:
  version "3.2.7"
  resolved "https://registry.yarnpkg.com/debug/-/debug-3.2.7.tgz#72580b7e9145fb39b6676f9c5e5fb100b934179a"
  integrity sha512-CFjzYYAi4ThfiQvizrFQevTTXHtnCqWfe7x1AhgEscTz6ZbLbfoLRLPugTQyBth6f8ZERVUSyWHFD/7Wu4t1XQ==
  dependencies:
    ms "^2.1.1"

dom-helpers@^5.0.1:
  version "5.2.0"
  resolved "https://registry.yarnpkg.com/dom-helpers/-/dom-helpers-5.2.0.tgz#57fd054c5f8f34c52a3eeffdb7e7e93cd357d95b"
  integrity sha512-Ru5o9+V8CpunKnz5LGgWXkmrH/20cGKwcHwS4m73zIvs54CN9epEmT/HLqFJW3kXpakAFkEdzgy1hzlJe3E4OQ==
  dependencies:
    "@babel/runtime" "^7.8.7"
    csstype "^3.0.2"

ecstatic@^3.3.2:
  version "3.3.2"
  resolved "https://registry.yarnpkg.com/ecstatic/-/ecstatic-3.3.2.tgz#6d1dd49814d00594682c652adb66076a69d46c48"
  integrity sha512-fLf9l1hnwrHI2xn9mEDT7KIi22UDqA2jaCwyCbSUJh9a1V+LEUSL/JO/6TIz/QyuBURWUHrFL5Kg2TtO1bkkog==
  dependencies:
    he "^1.1.1"
    mime "^1.6.0"
    minimist "^1.1.0"
    url-join "^2.0.5"

esbuild@^0.9.3:
  version "0.9.3"
  resolved "https://registry.yarnpkg.com/esbuild/-/esbuild-0.9.3.tgz#09293a0b824159c6aa2488d1c6c22f57d8448f74"
  integrity sha512-G8k0olucZp3LJ7I/p8y388t+IEyb2Y78nHrLeIxuqZqh6TYqDYP/B/7drAvYKfh83CGwKal9txVP+FTypsPJug==

eventemitter3@^4.0.0:
  version "4.0.7"
  resolved "https://registry.yarnpkg.com/eventemitter3/-/eventemitter3-4.0.7.tgz#2de9b68f6528d5644ef5c59526a1b4a07306169f"
  integrity sha512-8guHBZCwKnFhYdHr2ysuRWErTwhoN2X8XELRlrRwpmfeY2jjuUN4taQMsULKUVo1K4DvZl+0pgfyoysHxvmvEw==

fast-deep-equal@^3.1.3:
  version "3.1.3"
  resolved "https://registry.yarnpkg.com/fast-deep-equal/-/fast-deep-equal-3.1.3.tgz#3a7d56b559d6cbc3eb512325244e619a65c6c525"
  integrity sha512-f3qQ9oQy9j2AhBe/H9VC91wLmKBCCU/gDOnKNAYG5hswO7BLKj09Hc5HYNz9cGI++xlpDCIgDaitVs03ATR84Q==

follow-redirects@^1.0.0:
  version "1.13.3"
  resolved "https://registry.yarnpkg.com/follow-redirects/-/follow-redirects-1.13.3.tgz#e5598ad50174c1bc4e872301e82ac2cd97f90267"
  integrity sha512-DUgl6+HDzB0iEptNQEXLx/KhTmDb8tZUHSeLqpnjpknR70H0nC2t9N73BK6fN4hOvJ84pKlIQVQ4k5FFlBedKA==

he@^1.1.1:
  version "1.2.0"
  resolved "https://registry.yarnpkg.com/he/-/he-1.2.0.tgz#84ae65fa7eafb165fddb61566ae14baf05664f0f"
  integrity sha512-F/1DnUGPopORZi0ni+CvrCgHQ5FyEAHRLSApuYWMmrbSwoN2Mn/7k+Gl38gJnR7yyDZk6WLXwiGod1JOWNDKGw==

hoist-non-react-statics@^3.2.0, hoist-non-react-statics@^3.3.0, hoist-non-react-statics@^3.3.1:
  version "3.3.2"
  resolved "https://registry.yarnpkg.com/hoist-non-react-statics/-/hoist-non-react-statics-3.3.2.tgz#ece0acaf71d62c2969c2ec59feff42a4b1a85b45"
  integrity sha512-/gGivxi8JPKWNm/W0jSmzcMPpfpPLc3dY/6GxhX2hQ9iGj3aDfklV4ET7NjKpSinLpJ5vafa9iiGIEZg10SfBw==
  dependencies:
    react-is "^16.7.0"

http-proxy@^1.18.0:
  version "1.18.1"
  resolved "https://registry.yarnpkg.com/http-proxy/-/http-proxy-1.18.1.tgz#401541f0534884bbf95260334e72f88ee3976549"
  integrity sha512-7mz/721AbnJwIVbnaSv1Cz3Am0ZLT/UBwkC92VlxhXv/k/BBQfM2fXElQNC27BVGr0uwUpplYPQM9LnaBMR5NQ==
  dependencies:
    eventemitter3 "^4.0.0"
    follow-redirects "^1.0.0"
    requires-port "^1.0.0"

http-server@0.12.3:
  version "0.12.3"
  resolved "https://registry.yarnpkg.com/http-server/-/http-server-0.12.3.tgz#ba0471d0ecc425886616cb35c4faf279140a0d37"
  integrity sha512-be0dKG6pni92bRjq0kvExtj/NrrAd28/8fCXkaI/4piTwQMSDSLMhWyW0NI1V+DBI3aa1HMlQu46/HjVLfmugA==
  dependencies:
    basic-auth "^1.0.3"
    colors "^1.4.0"
    corser "^2.0.1"
    ecstatic "^3.3.2"
    http-proxy "^1.18.0"
    minimist "^1.2.5"
    opener "^1.5.1"
    portfinder "^1.0.25"
    secure-compare "3.0.1"
    union "~0.5.0"

hyphenate-style-name@^1.0.3:
  version "1.0.4"
  resolved "https://registry.yarnpkg.com/hyphenate-style-name/-/hyphenate-style-name-1.0.4.tgz#691879af8e220aea5750e8827db4ef62a54e361d"
  integrity sha512-ygGZLjmXfPHj+ZWh6LwbC37l43MhfztxetbFCoYTM2VjkIUpeHgSNn7QIyVFj7YQ1Wl9Cbw5sholVJPzWvC2MQ==

indefinite-observable@^2.0.1:
  version "2.0.1"
  resolved "https://registry.yarnpkg.com/indefinite-observable/-/indefinite-observable-2.0.1.tgz#574af29bfbc17eb5947793797bddc94c9d859400"
  integrity sha512-G8vgmork+6H9S8lUAg1gtXEj2JxIQTo0g2PbFiYOdjkziSI0F7UYBiVwhZRuixhBCNGczAls34+5HJPyZysvxQ==
  dependencies:
    symbol-observable "1.2.0"

internmap@^1.0.0:
  version "1.0.1"
  resolved "https://registry.yarnpkg.com/internmap/-/internmap-1.0.1.tgz#0017cc8a3b99605f0302f2b198d272e015e5df95"
  integrity sha512-lDB5YccMydFBtasVtxnZ3MRBHuaoE8GKsppq+EchKL2U4nK/DmEpPHNH8MZe5HkMtpSiTSOZwfN0tzYjO/lJEw==

is-in-browser@^1.0.2, is-in-browser@^1.1.3:
  version "1.1.3"
  resolved "https://registry.yarnpkg.com/is-in-browser/-/is-in-browser-1.1.3.tgz#56ff4db683a078c6082eb95dad7dc62e1d04f835"
  integrity sha1-Vv9NtoOgeMYILrldrX3GLh0E+DU=

"js-tokens@^3.0.0 || ^4.0.0":
  version "4.0.0"
  resolved "https://registry.yarnpkg.com/js-tokens/-/js-tokens-4.0.0.tgz#19203fb59991df98e3a287050d4647cdeaf32499"
  integrity sha512-RdJUflcE3cUzKiMqQgsCu06FPu9UdIJO0beYbPhHN4k6apgJtifcoCtT9bcxOpYBtpD2kCM6Sbzg4CausW/PKQ==

jss-plugin-camel-case@10.6.0:
  version "10.6.0"
  resolved "https://registry.yarnpkg.com/jss-plugin-camel-case/-/jss-plugin-camel-case-10.6.0.tgz#93d2cd704bf0c4af70cc40fb52d74b8a2554b170"
  integrity sha512-JdLpA3aI/npwj3nDMKk308pvnhoSzkW3PXlbgHAzfx0yHWnPPVUjPhXFtLJzgKZge8lsfkUxvYSQ3X2OYIFU6A==
  dependencies:
    "@babel/runtime" "^7.3.1"
    hyphenate-style-name "^1.0.3"
    jss "10.6.0"

jss-plugin-compose@10.6.0:
  version "10.6.0"
  resolved "https://registry.yarnpkg.com/jss-plugin-compose/-/jss-plugin-compose-10.6.0.tgz#0bf058814ea9b47e87cc61f1261aab881daa403b"
  integrity sha512-zBhI5ZDVX30h4N+rPunAfbwHVDWlme0JPiLBT0TSg24aX+QhjpogZSKHv9pn23NqIdiz3aIJmrNVnJ5rwNKQKA==
  dependencies:
    "@babel/runtime" "^7.3.1"
    jss "10.6.0"
    tiny-warning "^1.0.2"

jss-plugin-default-unit@10.6.0:
  version "10.6.0"
  resolved "https://registry.yarnpkg.com/jss-plugin-default-unit/-/jss-plugin-default-unit-10.6.0.tgz#af47972486819b375f0f3a9e0213403a84b5ef3b"
  integrity sha512-7y4cAScMHAxvslBK2JRK37ES9UT0YfTIXWgzUWD5euvR+JR3q+o8sQKzBw7GmkQRfZijrRJKNTiSt1PBsLI9/w==
  dependencies:
    "@babel/runtime" "^7.3.1"
    jss "10.6.0"

jss-plugin-expand@10.6.0:
  version "10.6.0"
  resolved "https://registry.yarnpkg.com/jss-plugin-expand/-/jss-plugin-expand-10.6.0.tgz#7eabb6d14f407c38b4d6013588d6641a2e869723"
  integrity sha512-TYVfKS3l8kNaClWW3PA9AhFr9ixhBnKcdGwZDRH3WRGDmdX0RYOhpfScscRXQM1HAlqaXLRqiP+NYGCK6QBgOg==
  dependencies:
    "@babel/runtime" "^7.3.1"
    jss "10.6.0"

jss-plugin-extend@10.6.0:
  version "10.6.0"
  resolved "https://registry.yarnpkg.com/jss-plugin-extend/-/jss-plugin-extend-10.6.0.tgz#7611d5d96781b833e5b4aa3eb8599525e790143b"
  integrity sha512-eY/zKMT+aUOdHegTDzTznq8Nwsv0PEb5AyJfo8A1B9jPxzzLTGcFOl9S6JZoYRxMh9TWxA5lOULMIjgKAKzUcQ==
  dependencies:
    "@babel/runtime" "^7.3.1"
    jss "10.6.0"
    tiny-warning "^1.0.2"

jss-plugin-global@10.6.0:
  version "10.6.0"
  resolved "https://registry.yarnpkg.com/jss-plugin-global/-/jss-plugin-global-10.6.0.tgz#3e8011f760f399cbadcca7f10a485b729c50e3ed"
  integrity sha512-I3w7ji/UXPi3VuWrTCbHG9rVCgB4yoBQLehGDTmsnDfXQb3r1l3WIdcO8JFp9m0YMmyy2CU7UOV6oPI7/Tmu+w==
  dependencies:
    "@babel/runtime" "^7.3.1"
    jss "10.6.0"

jss-plugin-nested@10.6.0:
  version "10.6.0"
  resolved "https://registry.yarnpkg.com/jss-plugin-nested/-/jss-plugin-nested-10.6.0.tgz#5f83c5c337d3b38004834e8426957715a0251641"
  integrity sha512-fOFQWgd98H89E6aJSNkEh2fAXquC9aZcAVjSw4q4RoQ9gU++emg18encR4AT4OOIFl4lQwt5nEyBBRn9V1Rk8g==
  dependencies:
    "@babel/runtime" "^7.3.1"
    jss "10.6.0"
    tiny-warning "^1.0.2"

jss-plugin-props-sort@10.6.0:
  version "10.6.0"
  resolved "https://registry.yarnpkg.com/jss-plugin-props-sort/-/jss-plugin-props-sort-10.6.0.tgz#297879f35f9fe21196448579fee37bcde28ce6bc"
  integrity sha512-oMCe7hgho2FllNc60d9VAfdtMrZPo9n1Iu6RNa+3p9n0Bkvnv/XX5San8fTPujrTBScPqv9mOE0nWVvIaohNuw==
  dependencies:
    "@babel/runtime" "^7.3.1"
    jss "10.6.0"

jss-plugin-rule-value-function@10.6.0:
  version "10.6.0"
  resolved "https://registry.yarnpkg.com/jss-plugin-rule-value-function/-/jss-plugin-rule-value-function-10.6.0.tgz#3c1a557236a139d0151e70a82c810ccce1c1c5ea"
  integrity sha512-TKFqhRTDHN1QrPTMYRlIQUOC2FFQb271+AbnetURKlGvRl/eWLswcgHQajwuxI464uZk91sPiTtdGi7r7XaWfA==
  dependencies:
    "@babel/runtime" "^7.3.1"
    jss "10.6.0"
    tiny-warning "^1.0.2"

jss-plugin-rule-value-observable@10.6.0:
  version "10.6.0"
  resolved "https://registry.yarnpkg.com/jss-plugin-rule-value-observable/-/jss-plugin-rule-value-observable-10.6.0.tgz#2b3252cc1507d0154bd9e50f4527ad8073d67b6b"
  integrity sha512-+N6S8UZ+Tu+G2Fbu/UrfLI/JyaTi/KfkPbKsVRfyg/C/IdI+p9+H67HncMIFYEi/KnNj5fqvMNSDe4ag/lqbHw==
  dependencies:
    "@babel/runtime" "^7.3.1"
    jss "10.6.0"
    symbol-observable "^1.2.0"

jss-plugin-template@10.6.0:
  version "10.6.0"
  resolved "https://registry.yarnpkg.com/jss-plugin-template/-/jss-plugin-template-10.6.0.tgz#75b1643044f3191b9d447589439053c597854704"
  integrity sha512-P3iaIR6AqTOoutwP7Y2KVCq4jShEMACrwKf8W9gsS3ppnIeBg4OCAQvLKmqunApkEoIk0711xbW9XPi9CYy3zg==
  dependencies:
    "@babel/runtime" "^7.3.1"
    jss "10.6.0"
    tiny-warning "^1.0.2"

jss-plugin-vendor-prefixer@10.6.0:
  version "10.6.0"
  resolved "https://registry.yarnpkg.com/jss-plugin-vendor-prefixer/-/jss-plugin-vendor-prefixer-10.6.0.tgz#e1fcd499352846890c38085b11dbd7aa1c4f2c78"
  integrity sha512-doJ7MouBXT1lypLLctCwb4nJ6lDYqrTfVS3LtXgox42Xz0gXusXIIDboeh6UwnSmox90QpVnub7au8ybrb0krQ==
  dependencies:
    "@babel/runtime" "^7.3.1"
    css-vendor "^2.0.8"
    jss "10.6.0"

jss-preset-default@10.6.0:
  version "10.6.0"
  resolved "https://registry.yarnpkg.com/jss-preset-default/-/jss-preset-default-10.6.0.tgz#b5471858adede57efd8d139c85dd44601b55dc94"
  integrity sha512-TuHDZiuxGLLJ/LIMLAzO5uf2PnLOCR6yF5GHQLPp59YTascmwEldJfR0tuqjKa8B2F/v708ZvzE1Dw0Ao7UIcA==
  dependencies:
    "@babel/runtime" "^7.3.1"
    jss "10.6.0"
    jss-plugin-camel-case "10.6.0"
    jss-plugin-compose "10.6.0"
    jss-plugin-default-unit "10.6.0"
    jss-plugin-expand "10.6.0"
    jss-plugin-extend "10.6.0"
    jss-plugin-global "10.6.0"
    jss-plugin-nested "10.6.0"
    jss-plugin-props-sort "10.6.0"
    jss-plugin-rule-value-function "10.6.0"
    jss-plugin-rule-value-observable "10.6.0"
    jss-plugin-template "10.6.0"
    jss-plugin-vendor-prefixer "10.6.0"

jss@10.6.0:
  version "10.6.0"
  resolved "https://registry.yarnpkg.com/jss/-/jss-10.6.0.tgz#d92ff9d0f214f65ca1718591b68e107be4774149"
  integrity sha512-n7SHdCozmxnzYGXBHe0NsO0eUf9TvsHVq2MXvi4JmTn3x5raynodDVE/9VQmBdWFyyj9HpHZ2B4xNZ7MMy7lkw==
  dependencies:
    "@babel/runtime" "^7.3.1"
    csstype "^3.0.2"
    indefinite-observable "^2.0.1"
    is-in-browser "^1.1.3"
    tiny-warning "^1.0.2"

lodash@^4.17.14:
  version "4.17.21"
  resolved "https://registry.yarnpkg.com/lodash/-/lodash-4.17.21.tgz#679591c564c3bffaae8454cf0b3df370c3d6911c"
  integrity sha512-v2kDEe57lecTulaDIuNTPy3Ry4gLGJ6Z1O3vE1krgXZNrsQ+LFTGHVxVjcXPs17LhbZVGedAJv8XZ1tvj5FvSg==

loose-envify@^1.1.0, loose-envify@^1.4.0:
  version "1.4.0"
  resolved "https://registry.yarnpkg.com/loose-envify/-/loose-envify-1.4.0.tgz#71ee51fa7be4caec1a63839f7e682d8132d30caf"
  integrity sha512-lyuxPGr/Wfhrlem2CL/UcnUc1zcqKAImBDzukY7Y5F/yQiNdko6+fRLevlw1HgMySw7f611UIY408EtxRSoK3Q==
  dependencies:
    js-tokens "^3.0.0 || ^4.0.0"

memoize-one@^5.0.0:
  version "5.1.1"
  resolved "https://registry.yarnpkg.com/memoize-one/-/memoize-one-5.1.1.tgz#047b6e3199b508eaec03504de71229b8eb1d75c0"
  integrity sha512-HKeeBpWvqiVJD57ZUAsJNm71eHTykffzcLZVYWiVfQeI1rJtuEaS7hQiEpWfVVk18donPwJEcFKIkCmPJNOhHA==

merge-class-names@^1.1.1:
  version "1.4.0"
  resolved "https://registry.yarnpkg.com/merge-class-names/-/merge-class-names-1.4.0.tgz#02edcdd5ff677fbb03b47ecd4586df89d697b81b"
  integrity sha512-xNdBM7s+6uD+vNZJEymqrFbMBCDGzoA8clZTcj2F1XIy1QQKF+wjFVv7iDZFfdCBnViTdt54A4Ye2lmBsXrBjQ==

mime@^1.6.0:
  version "1.6.0"
  resolved "https://registry.yarnpkg.com/mime/-/mime-1.6.0.tgz#32cd9e5c64553bd58d19a568af452acff04981b1"
  integrity sha512-x0Vn8spI+wuJ1O6S7gnbaQg8Pxh4NNHb7KSINmEWKiPE4RKOplvijn+NkmYmmRgP68mc70j2EbeTFRsrswaQeg==

minimist@^1.1.0, minimist@^1.2.5:
  version "1.2.5"
  resolved "https://registry.yarnpkg.com/minimist/-/minimist-1.2.5.tgz#67d66014b66a6a8aaa0c083c5fd58df4e4e97602"
  integrity sha512-FM9nNUYrRBAELZQT3xeZQ7fmMOBg6nWNmJKTcgsJeaLstP/UODVpGsr5OhXhhXg6f+qtJ8uiZ+PUxkDWcgIXLw==

mkdirp@^0.5.5:
  version "0.5.5"
  resolved "https://registry.yarnpkg.com/mkdirp/-/mkdirp-0.5.5.tgz#d91cefd62d1436ca0f41620e251288d420099def"
  integrity sha512-NKmAlESf6jMGym1++R0Ra7wvhV+wFW63FaSOFPwRahvea0gMUcGUhVeAg/0BC0wiv9ih5NYPB1Wn1UEI1/L+xQ==
  dependencies:
    minimist "^1.2.5"

ms@^2.1.1:
  version "2.1.3"
  resolved "https://registry.yarnpkg.com/ms/-/ms-2.1.3.tgz#574c8138ce1d2b5861f0b44579dbadd60c6615b2"
  integrity sha512-6FlzubTLZG3J2a/NVCAleEhjzq5oxgHyaCU9yYXvcLsvoVaHJq/s5xXI6/XXP6tz7R9xAOtHnSO/tXtF3WRTlA==

object-assign@^4.1.1:
  version "4.1.1"
  resolved "https://registry.yarnpkg.com/object-assign/-/object-assign-4.1.1.tgz#2109adc7965887cfc05cbbd442cac8bfbb360863"
  integrity sha1-IQmtx5ZYh8/AXLvUQsrIv7s2CGM=

opener@^1.5.1:
  version "1.5.2"
  resolved "https://registry.yarnpkg.com/opener/-/opener-1.5.2.tgz#5d37e1f35077b9dcac4301372271afdeb2a13598"
  integrity sha512-ur5UIdyw5Y7yEj9wLzhqXiy6GZ3Mwx0yGI+5sMn2r0N0v3cKJvUmFH5yPP+WXh9e0xfyzyJX95D8l088DNFj7A==

portfinder@^1.0.25:
  version "1.0.28"
  resolved "https://registry.yarnpkg.com/portfinder/-/portfinder-1.0.28.tgz#67c4622852bd5374dd1dd900f779f53462fac778"
  integrity sha512-Se+2isanIcEqf2XMHjyUKskczxbPH7dQnlMjXX6+dybayyHvAf/TCgyMRlzf/B6QDhAEFOGes0pzRo3by4AbMA==
  dependencies:
    async "^2.6.2"
    debug "^3.1.1"
    mkdirp "^0.5.5"

prop-types@^15.5.8, prop-types@^15.6.0, prop-types@^15.6.2:
  version "15.7.2"
  resolved "https://registry.yarnpkg.com/prop-types/-/prop-types-15.7.2.tgz#52c41e75b8c87e72b9d9360e0206b99dcbffa6c5"
  integrity sha512-8QQikdH7//R2vurIJSutZ1smHYTcLpRWEOlHnzcWHmBYrOGUysKwSsrC89BCiFj3CbrfJ/nXFdJepOVrY1GCHQ==
  dependencies:
    loose-envify "^1.4.0"
    object-assign "^4.1.1"
    react-is "^16.8.1"

qs@^6.4.0:
  version "6.9.6"
  resolved "https://registry.yarnpkg.com/qs/-/qs-6.9.6.tgz#26ed3c8243a431b2924aca84cc90471f35d5a0ee"
  integrity sha512-TIRk4aqYLNoJUbd+g2lEdz5kLWIuTMRagAXxl78Q0RiVjAOugHmeKNGdd3cwo/ktpf9aL9epCfFqWDEKysUlLQ==

react-clock@^3.0.0:
  version "3.0.0"
  resolved "https://registry.yarnpkg.com/react-clock/-/react-clock-3.0.0.tgz#0d29f8e682ef516574061d1d24b1a286cb2da89b"
  integrity sha512-D3K82D3YGcDtzxZCfiACLcDTL8cJXSgpdrzTY9ff3H5vflxlLzTSLF8apZRo6JZzOFrZQvw5mrS7TkQzj9nG0A==
  dependencies:
    "@wojtekmaj/date-utils" "^1.0.0"
    merge-class-names "^1.1.1"
    prop-types "^15.6.0"

react-display-name@^0.2.4:
  version "0.2.5"
  resolved "https://registry.yarnpkg.com/react-display-name/-/react-display-name-0.2.5.tgz#304c7cbfb59ee40389d436e1a822c17fe27936c6"
  integrity sha512-I+vcaK9t4+kypiSgaiVWAipqHRXYmZIuAiS8vzFvXHHXVigg/sMKwlRgLy6LH2i3rmP+0Vzfl5lFsFRwF1r3pg==

react-input-autosize@^3.0.0:
  version "3.0.0"
  resolved "https://registry.yarnpkg.com/react-input-autosize/-/react-input-autosize-3.0.0.tgz#6b5898c790d4478d69420b55441fcc31d5c50a85"
  integrity sha512-nL9uS7jEs/zu8sqwFE5MAPx6pPkNAriACQ2rGLlqmKr2sPGtN7TXTyDdQt4lbNXVx7Uzadb40x8qotIuru6Rhg==
  dependencies:
    prop-types "^15.5.8"

react-is@^16.7.0, react-is@^16.8.1:
  version "16.13.1"
  resolved "https://registry.yarnpkg.com/react-is/-/react-is-16.13.1.tgz#789729a4dc36de2999dc156dd6c1d9c18cea56a4"
  integrity sha512-24e6ynE2H+OKt4kqsOvNd8kBpV65zoxbA4BVsEOB3ARVWQki/DHzaUoC5KuON/BiccDaCCTZBuOcfZs70kR8bQ==

react-jss@^10.6.0:
  version "10.6.0"
  resolved "https://registry.yarnpkg.com/react-jss/-/react-jss-10.6.0.tgz#3d1538d085c55f7b0bc3607a61943f588e56f0f6"
  integrity sha512-uCvOHMoQrB+cD8l6K6+gIStqBhTyjPM/55sXHfujlr0E4GclQg0ZR26nyGyh7XB+v9a2FfMp6Y4L2Bc1Z+L1oQ==
  dependencies:
    "@babel/runtime" "^7.3.1"
    "@emotion/is-prop-valid" "^0.7.3"
    css-jss "10.6.0"
    hoist-non-react-statics "^3.2.0"
    is-in-browser "^1.1.3"
    jss "10.6.0"
    jss-preset-default "10.6.0"
    prop-types "^15.6.0"
    shallow-equal "^1.2.0"
    theming "^3.3.0"
    tiny-warning "^1.0.2"

react-merge-refs@^1.1.0:
  version "1.1.0"
  resolved "https://registry.yarnpkg.com/react-merge-refs/-/react-merge-refs-1.1.0.tgz#73d88b892c6c68cbb7a66e0800faa374f4c38b06"
  integrity sha512-alTKsjEL0dKH/ru1Iyn7vliS2QRcBp9zZPGoWxUOvRGWPUYgjo+V01is7p04It6KhgrzhJGnIj9GgX8W4bZoCQ==

react-reconciler@0.26.1:
  version "0.26.1"
  resolved "https://registry.yarnpkg.com/react-reconciler/-/react-reconciler-0.26.1.tgz#860952dd359fd870f94895c254271e3a9de3b2d6"
  integrity sha512-6E/CvH9zcDmHjhiNJlP0qJ8+3ufnY2b5RWs774Uy8XKWN0l6qfnlkz0XnDacxqj2rbJdq76w9dlFXjPPOQrmqA==
  dependencies:
    loose-envify "^1.1.0"
    object-assign "^4.1.1"
    scheduler "^0.20.1"

react-select@^4.0.2:
  version "4.3.0"
  resolved "https://registry.yarnpkg.com/react-select/-/react-select-4.3.0.tgz#6bde634ae7a378b49f3833c85c126f533483fa2e"
  integrity sha512-SBPD1a3TJqE9zoI/jfOLCAoLr/neluaeokjOixr3zZ1vHezkom8K0A9J4QG9IWDqIDE9K/Mv+0y1GjidC2PDtQ==
  dependencies:
    "@babel/runtime" "^7.12.0"
    "@emotion/cache" "^11.0.0"
    "@emotion/react" "^11.1.1"
    memoize-one "^5.0.0"
    prop-types "^15.6.0"
    react-input-autosize "^3.0.0"
    react-transition-group "^4.3.0"

react-three-fiber@5.3.19:
  version "5.3.19"
  resolved "https://registry.yarnpkg.com/react-three-fiber/-/react-three-fiber-5.3.19.tgz#aa74078dfd9e2739241a1e2e2957d015059fa9da"
  integrity sha512-UJyTTIsZ0qdSopejslLVclR2jNtHJamnTmPxoJ9vDWIws+5/E2JYOHQv6W9HrnBIH19caEB5rdKvphur/VUpiQ==
  dependencies:
    "@babel/runtime" "^7.12.1"
    react-merge-refs "^1.1.0"
    react-reconciler "0.26.1"
    react-use-measure "^2.0.3"
    resize-observer-polyfill "^1.5.1"
    scheduler "0.20.1"
    tiny-emitter "^2.1.0"
    use-asset "^1.0.2"
    utility-types "^3.10.0"

react-timezone-select@^0.10.7:
  version "0.10.7"
  resolved "https://registry.yarnpkg.com/react-timezone-select/-/react-timezone-select-0.10.7.tgz#c13edcd43091ae11d887b5551305655182b92280"
  integrity sha512-JPnrYcXf3NqqNl4HYDsDaS6OiUEPW6i7xeGE1xOA7SPuh7oR5vzKj0g0kbg5IH8LkiWTZNWk5NbBSJkRHp/dlA==
  dependencies:
    react-select "^4.0.2"
    spacetime "^6.12.3"
    spacetime-informal "^0.5.0"

react-transition-group@^4.3.0:
  version "4.4.1"
  resolved "https://registry.yarnpkg.com/react-transition-group/-/react-transition-group-4.4.1.tgz#63868f9325a38ea5ee9535d828327f85773345c9"
  integrity sha512-Djqr7OQ2aPUiYurhPalTrVy9ddmFCCzwhqQmtN+J3+3DzLO209Fdr70QrN8Z3DsglWql6iY1lDWAfpFiBtuKGw==
  dependencies:
    "@babel/runtime" "^7.5.5"
    dom-helpers "^5.0.1"
    loose-envify "^1.4.0"
    prop-types "^15.6.2"

react-use-measure@^2.0.3:
  version "2.0.3"
  resolved "https://registry.yarnpkg.com/react-use-measure/-/react-use-measure-2.0.3.tgz#7b56ae3ca19ccf62326933678625a8ff6b3f90a3"
  integrity sha512-57O8Os9MbgFEHuOHOXNdPmBHhXjCBIwtB3YxyrM/MgaX44a1o97Mu9YqiOA6cAF8kXIw4fO3XK0r2Taa4SqaqQ==
  dependencies:
    debounce "^1.2.0"

regenerator-runtime@^0.13.4:
  version "0.13.7"
  resolved "https://registry.yarnpkg.com/regenerator-runtime/-/regenerator-runtime-0.13.7.tgz#cac2dacc8a1ea675feaabaeb8ae833898ae46f55"
  integrity sha512-a54FxoJDIr27pgf7IgeQGxmqUNYrcV338lf/6gH456HZ/PhX+5BcwHXG9ajESmwe6WRO0tAzRUrRmNONWgkrew==

requires-port@^1.0.0:
  version "1.0.0"
  resolved "https://registry.yarnpkg.com/requires-port/-/requires-port-1.0.0.tgz#925d2601d39ac485e091cf0da5c6e694dc3dcaff"
  integrity sha1-kl0mAdOaxIXgkc8NpcbmlNw9yv8=

resize-observer-polyfill@^1.5.1:
  version "1.5.1"
  resolved "https://registry.yarnpkg.com/resize-observer-polyfill/-/resize-observer-polyfill-1.5.1.tgz#0e9020dd3d21024458d4ebd27e23e40269810464"
  integrity sha512-LwZrotdHOo12nQuZlHEmtuXdqGoOD0OhaxopaNFxWzInpEgaLWoVuAMbTzixuosCx2nEG58ngzW3vxdWoxIgdg==

scheduler@0.20.1, scheduler@^0.20.1:
  version "0.20.1"
  resolved "https://registry.yarnpkg.com/scheduler/-/scheduler-0.20.1.tgz#da0b907e24026b01181ecbc75efdc7f27b5a000c"
  integrity sha512-LKTe+2xNJBNxu/QhHvDR14wUXHRQbVY5ZOYpOGWRzhydZUqrLb2JBvLPY7cAqFmqrWuDED0Mjk7013SZiOz6Bw==
  dependencies:
    loose-envify "^1.1.0"
    object-assign "^4.1.1"

secure-compare@3.0.1:
  version "3.0.1"
  resolved "https://registry.yarnpkg.com/secure-compare/-/secure-compare-3.0.1.tgz#f1a0329b308b221fae37b9974f3d578d0ca999e3"
  integrity sha1-8aAymzCLIh+uN7mXTz1XjQypmeM=

shallow-equal@^1.2.0:
  version "1.2.1"
  resolved "https://registry.yarnpkg.com/shallow-equal/-/shallow-equal-1.2.1.tgz#4c16abfa56043aa20d050324efa68940b0da79da"
  integrity sha512-S4vJDjHHMBaiZuT9NPb616CSmLf618jawtv3sufLl6ivK8WocjAo58cXwbRV1cgqxH0Qbv+iUt6m05eqEa2IRA==

spacetime-informal@^0.5.0:
  version "0.5.0"
  resolved "https://registry.yarnpkg.com/spacetime-informal/-/spacetime-informal-0.5.0.tgz#0301d45621d7207d6573d97ba0e6700dab37c667"
  integrity sha512-cdSsniJJfJJTBdeVvXtooxyXzrRfoBVjAl3usQl9DgGExB3XN3deA3MwjInnD/26C/lANf3dU54bT2YweAGrOw==

spacetime@^6.12.3, spacetime@^6.14.0:
  version "6.14.0"
  resolved "https://registry.yarnpkg.com/spacetime/-/spacetime-6.14.0.tgz#3acb5e82d1d93637cd95c26eacc3a4aca9ccd3d8"
  integrity sha512-pz/nMIRGNSJeFfDFvhPjMHXhFU1NcrYnpydMuSS2Zsk0NEoHJc2rRKXugkmlqUv/l/fPxWVJVnj8isVS0//vbQ==

stylis@^4.0.3:
  version "4.0.9"
  resolved "https://registry.yarnpkg.com/stylis/-/stylis-4.0.9.tgz#ae3d5283aa439225cf79dd2d0cf46f8bfd4ad393"
  integrity sha512-ci7pEFNVW3YJiWEzqPOMsAjY6kgraZ3ZgBfQ5HYbNtLJEsQ0G46ejWZpfSSCp/FaSiCSGGhzL9O2lN+2cB6ong==

symbol-observable@1.2.0, symbol-observable@^1.2.0:
  version "1.2.0"
  resolved "https://registry.yarnpkg.com/symbol-observable/-/symbol-observable-1.2.0.tgz#c22688aed4eab3cdc2dfeacbb561660560a00804"
  integrity sha512-e900nM8RRtGhlV36KGEU9k65K3mPb1WV70OdjfxlG2EAuM1noi/E/BaW/uMhL7bPEssK8QV57vN3esixjUvcXQ==

theming@^3.3.0:
  version "3.3.0"
  resolved "https://registry.yarnpkg.com/theming/-/theming-3.3.0.tgz#dacabf04aa689edde35f1e1c117ec6de73fbf870"
  integrity sha512-u6l4qTJRDaWZsqa8JugaNt7Xd8PPl9+gonZaIe28vAhqgHMIG/DOyFPqiKN/gQLQYj05tHv+YQdNILL4zoiAVA==
  dependencies:
    hoist-non-react-statics "^3.3.0"
    prop-types "^15.5.8"
    react-display-name "^0.2.4"
    tiny-warning "^1.0.2"

three@0.126.1:
  version "0.126.1"
  resolved "https://registry.yarnpkg.com/three/-/three-0.126.1.tgz#cf4e4e52060fd952f6f0d5440cbd422c66bc4be7"
  integrity sha512-eOEXnZeE1FDV0XgL1u08auIP13jxdN9LQBAEmlErYzMxtIIfuGIAZbijOyookALUhqVzVOx0Tywj6n192VM+nQ==

tiny-emitter@^2.1.0:
  version "2.1.0"
  resolved "https://registry.yarnpkg.com/tiny-emitter/-/tiny-emitter-2.1.0.tgz#1d1a56edfc51c43e863cbb5382a72330e3555423"
  integrity sha512-NB6Dk1A9xgQPMoGqC5CVXn123gWyte215ONT5Pp5a0yt4nlEoO1ZWeCwpncaekPHXO60i47ihFnZPiRPjRMq4Q==

tiny-warning@^1.0.2:
  version "1.0.3"
  resolved "https://registry.yarnpkg.com/tiny-warning/-/tiny-warning-1.0.3.tgz#94a30db453df4c643d0fd566060d60a875d84754"
  integrity sha512-lBN9zLN/oAf68o3zNXYrdCt1kP8WsiGW8Oo2ka41b2IM5JL/S1CTyX1rW0mb/zSuJun0ZUrDxx4sqvYS2FWzPA==

typescript@4.1.2:
  version "4.1.2"
  resolved "https://registry.yarnpkg.com/typescript/-/typescript-4.1.2.tgz#6369ef22516fe5e10304aae5a5c4862db55380e9"
  integrity sha512-thGloWsGH3SOxv1SoY7QojKi0tc+8FnOmiarEGMbd/lar7QOEd3hvlx3Fp5y6FlDUGl9L+pd4n2e+oToGMmhRQ==

union@~0.5.0:
  version "0.5.0"
  resolved "https://registry.yarnpkg.com/union/-/union-0.5.0.tgz#b2c11be84f60538537b846edb9ba266ba0090075"
  integrity sha512-N6uOhuW6zO95P3Mel2I2zMsbsanvvtgn6jVqJv4vbVcz/JN0OkL9suomjQGmWtxJQXOCqUJvquc1sMeNz/IwlA==
  dependencies:
    qs "^6.4.0"

url-join@^2.0.5:
  version "2.0.5"
  resolved "https://registry.yarnpkg.com/url-join/-/url-join-2.0.5.tgz#5af22f18c052a000a48d7b82c5e9c2e2feeda728"
  integrity sha1-WvIvGMBSoACkjXuCxenC4v7tpyg=

use-asset@^1.0.2:
  version "1.0.2"
  resolved "https://registry.yarnpkg.com/use-asset/-/use-asset-1.0.2.tgz#d98a506ba480d113639de60631f89907794ead84"
  integrity sha512-ewqcm1+SmRIpIhanbP2Kdt03u7IQfxGixi3dq2AP90GK5J0fFXBeSp4hO43tx3HG5AXvh6U4hQ00x4JXr5Dhiw==
  dependencies:
    fast-deep-equal "^3.1.3"

utility-types@^3.10.0:
  version "3.10.0"
  resolved "https://registry.yarnpkg.com/utility-types/-/utility-types-3.10.0.tgz#ea4148f9a741015f05ed74fd615e1d20e6bed82b"
  integrity sha512-O11mqxmi7wMKCo6HKFt5AhO4BwY3VV68YU07tgxfz8zJTIxr4BpsezN49Ffwy9j3ZpwwJp4fkRwjRzq3uWE6Rg==
